#MicroXplorer Configuration settings - do not modify
ADC1.Channel-0\#ChannelRegularConversion=ADC_CHANNEL_3
ADC1.ClockPrescaler=ADC_CLOCK_ASYNC_DIV2
ADC1.ContinuousConvMode=DISABLE
ADC1.IPParameters=Rank-0\#ChannelRegularConversion,master,Channel-0\#ChannelRegularConversion,SamplingTime-0\#ChannelRegularConversion,OffsetNumber-0\#ChannelRegularConversion,OffsetSignedSaturation-0\#ChannelRegularConversion,NbrOfConversionFlag,Resolution,ContinuousConvMode,Overrun,NbrOfConversion,ClockPrescaler
ADC1.NbrOfConversion=1
ADC1.NbrOfConversionFlag=1
ADC1.OffsetNumber-0\#ChannelRegularConversion=ADC_OFFSET_NONE
ADC1.OffsetSignedSaturation-0\#ChannelRegularConversion=DISABLE
ADC1.Overrun=ADC_OVR_DATA_PRESERVED
ADC1.Rank-0\#ChannelRegularConversion=1
ADC1.Resolution=ADC_RESOLUTION_12B
ADC1.SamplingTime-0\#ChannelRegularConversion=ADC_SAMPLETIME_8CYCLES_5
ADC1.master=1
CAD.formats=
CAD.pinconfig=
CAD.provider=
CORTEX_M7.CPU_DCache=Enabled
CORTEX_M7.CPU_ICache=Enabled
CORTEX_M7.DisableExec-Cortex_Memory_Protection_Unit_Region0_Settings=MPU_INSTRUCTION_ACCESS_DISABLE
CORTEX_M7.Enable-Cortex_Memory_Protection_Unit_Region0_Settings=MPU_REGION_ENABLE
CORTEX_M7.IPParameters=MPU_Control,CPU_ICache,CPU_DCache,Enable-Cortex_Memory_Protection_Unit_Region0_Settings,Size-Cortex_Memory_Protection_Unit_Region0_Settings,IsShareable-Cortex_Memory_Protection_Unit_Region0_Settings,DisableExec-Cortex_Memory_Protection_Unit_Region0_Settings,SubRegionDisable-Cortex_Memory_Protection_Unit_Region0_Settings
CORTEX_M7.IsShareable-Cortex_Memory_Protection_Unit_Region0_Settings=MPU_ACCESS_SHAREABLE
CORTEX_M7.MPU_Control=MPU_PRIVILEGED_DEFAULT
CORTEX_M7.Size-Cortex_Memory_Protection_Unit_Region0_Settings=MPU_REGION_SIZE_4GB
CORTEX_M7.SubRegionDisable-Cortex_Memory_Protection_Unit_Region0_Settings=0x87
CortexM4.IPs=BDMA,CORTEX_M4\:I,DEBUG,DMA,FATFS_M4\:I,FREERTOS_M4\:I,GPIO,IWDG2\:I,MDMA,NVIC2\:I,OPENAMP_M4\:I,PDM2PCM_M4\:I,PWR,RCC,RESMGR_UTILITY,SYS_M4\:I,USB_DEVICE_M4\:I,USB_HOST_M4\:I,VREFBUF,WWDG2\:I
CortexM7.IPs=BDMA\:I,CORTEX_M7\:I,DEBUG\:I,DMA\:I,FATFS_M7\:I,FREERTOS_M7\:I,GPIO\:I,IWDG1\:I,MDMA\:I,NVIC1\:I,OPENAMP_M7\:I,PDM2PCM_M7\:I,PWR\:I,RCC\:I,RESMGR_UTILITY\:I,SYS\:I,USB_DEVICE_M7\:I,USB_HOST_M7\:I,VREFBUF\:I,WWDG1\:I,TIM2\:I,TIM1\:I,USART2\:I,ADC1\:I,TIM3\:I,TIM4\:I,TIM8\:I,TIM5\:I,LPUART1\:I,SPI2\:I,UART4\:I
CortexM7.Pins=PF6,PF8,PC3_C,PA1,PA3,PC5,PB10,PB11,PB12
File.Version=6
GPIO.groupedBy=Group By Peripherals
KeepUserPlacement=false
LPUART1.BaudRate=115200
LPUART1.IPParameters=BaudRate
Mcu.CPN=STM32H745ZIT3
Mcu.Context0=CortexM7
Mcu.Context1=CortexM4
Mcu.ContextNb=2
Mcu.Family=STM32H7
Mcu.IP0=ADC1
Mcu.IP1=CORTEX_M4
Mcu.IP10=TIM1
Mcu.IP11=TIM2
Mcu.IP12=TIM4
Mcu.IP13=TIM5
Mcu.IP14=TIM8
Mcu.IP15=UART4
Mcu.IP16=USART2
Mcu.IP2=CORTEX_M7
Mcu.IP3=LPUART1
Mcu.IP4=NVIC1
Mcu.IP5=NVIC2
Mcu.IP6=RCC
Mcu.IP7=SPI2
Mcu.IP8=SYS_M4
Mcu.IP9=SYS
Mcu.IPNb=17
Mcu.Name=STM32H745ZITx
Mcu.Package=LQFP144
Mcu.Pin0=PF6
Mcu.Pin1=PF8
Mcu.Pin10=PB10
Mcu.Pin11=PB11
Mcu.Pin12=PB12
Mcu.Pin13=PB13
Mcu.Pin14=PB14
Mcu.Pin15=PB15
Mcu.Pin16=PD13
Mcu.Pin17=PC6
Mcu.Pin18=PC7
Mcu.Pin19=PA8
Mcu.Pin2=PC3_C
Mcu.Pin20=PD5
Mcu.Pin21=PD6
Mcu.Pin22=PB6
Mcu.Pin23=PB7
Mcu.Pin24=PB8
Mcu.Pin25=PB9
Mcu.Pin26=VP_SYS_VS_Systick
Mcu.Pin27=VP_SYS_M4_VS_Systick
Mcu.Pin28=VP_TIM2_VS_ClockSourceINT
Mcu.Pin29=VP_TIM4_VS_ClockSourceINT
Mcu.Pin3=PA0
Mcu.Pin30=VP_TIM5_VS_ClockSourceINT
Mcu.Pin4=PA1
Mcu.Pin5=PA2
Mcu.Pin6=PA3
Mcu.Pin7=PA6
Mcu.Pin8=PC5
Mcu.Pin9=PE11
Mcu.PinsNb=31
Mcu.ThirdPartyNb=0
Mcu.UserConstants=
Mcu.UserName=STM32H745ZITx
MxCube.Version=6.10.0
MxDb.Version=DB.6.0.100
NVIC1.BusFault_IRQn=true\:0\:0\:false\:false\:true\:false\:false\:false
NVIC1.DebugMonitor_IRQn=true\:0\:0\:false\:false\:true\:false\:false\:false
NVIC1.EXTI9_5_IRQn=true\:0\:0\:false\:false\:true\:true\:true\:true
NVIC1.ForceEnableDMAVector=true
NVIC1.HardFault_IRQn=true\:0\:0\:false\:false\:true\:false\:false\:false
NVIC1.LPUART1_IRQn=true\:0\:0\:false\:false\:true\:true\:true\:true
NVIC1.MemoryManagement_IRQn=true\:0\:0\:false\:false\:true\:false\:false\:false
NVIC1.NonMaskableInt_IRQn=true\:0\:0\:false\:false\:true\:false\:false\:false
NVIC1.PendSV_IRQn=true\:0\:0\:false\:false\:true\:false\:false\:false
NVIC1.PriorityGroup=NVIC_PRIORITYGROUP_4
NVIC1.SVCall_IRQn=true\:0\:0\:false\:false\:true\:false\:false\:false
NVIC1.SysTick_IRQn=true\:15\:0\:false\:false\:true\:false\:true\:false
NVIC1.TIM5_IRQn=true\:0\:0\:false\:false\:true\:true\:true\:true
NVIC1.UART4_IRQn=true\:0\:0\:false\:false\:true\:true\:true\:true
NVIC1.USART2_IRQn=true\:0\:0\:false\:false\:true\:true\:true\:true
NVIC1.UsageFault_IRQn=true\:0\:0\:false\:false\:true\:false\:false\:false
NVIC2.BusFault_IRQn=true\:0\:0\:false\:false\:true\:false\:false\:false
NVIC2.DebugMonitor_IRQn=true\:0\:0\:false\:false\:true\:false\:false\:false
NVIC2.ForceEnableDMAVector=true
NVIC2.HardFault_IRQn=true\:0\:0\:false\:false\:true\:false\:false\:false
NVIC2.MemoryManagement_IRQn=true\:0\:0\:false\:false\:true\:false\:false\:false
NVIC2.NonMaskableInt_IRQn=true\:0\:0\:false\:false\:true\:false\:false\:false
NVIC2.PendSV_IRQn=true\:0\:0\:false\:false\:true\:false\:false\:false
NVIC2.PriorityGroup=NVIC_PRIORITYGROUP_4
NVIC2.SVCall_IRQn=true\:0\:0\:false\:false\:true\:false\:false\:false
NVIC2.SysTick_IRQn=true\:15\:0\:false\:false\:true\:false\:true\:false
NVIC2.UsageFault_IRQn=true\:0\:0\:false\:false\:true\:false\:false\:false
PA0.GPIOParameters=PinAttribute
PA0.Locked=true
PA0.PinAttribute=CortexM7
PA0.Signal=S_TIM2_CH1_ETR
PA1.ContextOwner=CortexM7
PA1.GPIOParameters=GPIO_Speed,PinState,GPIO_ModeDefaultOutputPP,PinAttribute
PA1.GPIO_ModeDefaultOutputPP=GPIO_MODE_OUTPUT_PP
PA1.GPIO_Speed=GPIO_SPEED_FREQ_LOW
PA1.Locked=true
PA1.PinAttribute=CortexM7
PA1.PinState=GPIO_PIN_RESET
PA1.Signal=GPIO_Output
PA2.GPIOParameters=PinAttribute
PA2.Locked=true
PA2.PinAttribute=CortexM7
PA2.Signal=S_TIM2_CH3
PA3.ContextOwner=CortexM7
PA3.GPIOParameters=GPIO_Speed,PinState,GPIO_ModeDefaultOutputPP,PinAttribute
PA3.GPIO_ModeDefaultOutputPP=GPIO_MODE_OUTPUT_PP
PA3.GPIO_Speed=GPIO_SPEED_FREQ_LOW
PA3.Locked=true
PA3.PinAttribute=CortexM7
PA3.PinState=GPIO_PIN_RESET
PA3.Signal=GPIO_Output
PA6.GPIOParameters=GPIO_PuPd,PinAttribute
PA6.GPIO_PuPd=GPIO_NOPULL
PA6.PinAttribute=CortexM7
PA6.Signal=ADCx_INP3
PA8.GPIOParameters=GPIO_Speed,PinAttribute
PA8.GPIO_Speed=GPIO_SPEED_FREQ_HIGH
PA8.Locked=true
PA8.PinAttribute=CortexM7
PA8.Signal=S_TIM1_CH1
PB10.ContextOwner=CortexM7
PB10.GPIOParameters=GPIO_Speed,PinState,PinAttribute
PB10.GPIO_Speed=GPIO_SPEED_FREQ_HIGH
PB10.Locked=true
PB10.PinAttribute=CortexM7
PB10.PinState=GPIO_PIN_SET
PB10.Signal=GPIO_Output
PB11.ContextOwner=CortexM7
PB11.GPIOParameters=GPIO_Speed,PinState,PinAttribute
PB11.GPIO_Speed=GPIO_SPEED_FREQ_HIGH
PB11.Locked=true
PB11.PinAttribute=CortexM7
PB11.PinState=GPIO_PIN_SET
PB11.Signal=GPIO_Output
PB12.ContextOwner=CortexM7
PB12.GPIOParameters=GPIO_Speed,PinState,GPIO_PuPd,GPIO_Label,GPIO_ModeDefaultOutputPP,PinAttribute
PB12.GPIO_Label=SPI2_NSS
PB12.GPIO_ModeDefaultOutputPP=GPIO_MODE_OUTPUT_PP
PB12.GPIO_PuPd=GPIO_PULLUP
PB12.GPIO_Speed=GPIO_SPEED_FREQ_HIGH
PB12.Locked=true
PB12.PinAttribute=CortexM7
PB12.PinState=GPIO_PIN_SET
PB12.Signal=GPIO_Output
PB13.GPIOParameters=PinAttribute
PB13.Locked=true
PB13.Mode=Full_Duplex_Master
PB13.PinAttribute=CortexM7
PB13.Signal=SPI2_SCK
PB14.GPIOParameters=PinAttribute
PB14.Locked=true
PB14.Mode=Full_Duplex_Master
PB14.PinAttribute=CortexM7
PB14.Signal=SPI2_MISO
PB15.GPIOParameters=PinAttribute
PB15.Locked=true
PB15.Mode=Full_Duplex_Master
PB15.PinAttribute=CortexM7
PB15.Signal=SPI2_MOSI
PB6.GPIOParameters=PinAttribute
PB6.Locked=true
PB6.Mode=Asynchronous
PB6.PinAttribute=CortexM7
PB6.Signal=LPUART1_TX
PB7.GPIOParameters=PinAttribute
PB7.Locked=true
PB7.Mode=Asynchronous
PB7.PinAttribute=CortexM7
PB7.Signal=LPUART1_RX
PB8.GPIOParameters=PinAttribute
PB8.Locked=true
PB8.Mode=Asynchronous
PB8.PinAttribute=CortexM7
PB8.Signal=UART4_RX
PB9.GPIOParameters=PinAttribute
PB9.Locked=true
PB9.Mode=Asynchronous
PB9.PinAttribute=CortexM7
PB9.Signal=UART4_TX
PC3_C.ContextOwner=CortexM7
PC3_C.GPIOParameters=GPIO_Speed,PinState,GPIO_PuPd,GPIO_Label,GPIO_ModeDefaultOutputPP,PinAttribute
PC3_C.GPIO_Label=CCD_CLK
PC3_C.GPIO_ModeDefaultOutputPP=GPIO_MODE_OUTPUT_OD
PC3_C.GPIO_PuPd=GPIO_PULLUP
PC3_C.GPIO_Speed=GPIO_SPEED_FREQ_LOW
PC3_C.Locked=true
PC3_C.PinAttribute=CortexM7
PC3_C.PinState=GPIO_PIN_RESET
PC3_C.Signal=GPIO_Output
PC5.ContextOwner=CortexM7
PC5.GPIOParameters=GPIO_Speed,PinState,GPIO_PuPd,GPIO_Label,PinAttribute
PC5.GPIO_Label=CCD_SI
PC5.GPIO_PuPd=GPIO_PULLUP
PC5.GPIO_Speed=GPIO_SPEED_FREQ_LOW
PC5.Locked=true
PC5.PinAttribute=CortexM7
PC5.PinState=GPIO_PIN_RESET
PC5.Signal=GPIO_Output
PC6.GPIOParameters=PinAttribute
PC6.PinAttribute=CortexM7
PC6.Signal=S_TIM8_CH1
PC7.GPIOParameters=PinAttribute
PC7.PinAttribute=CortexM7
PC7.Signal=S_TIM8_CH2
PD13.GPIOParameters=PinAttribute
PD13.PinAttribute=CortexM7
PD13.Signal=S_TIM4_CH2
PD5.GPIOParameters=PinAttribute
PD5.Mode=Asynchronous
PD5.PinAttribute=CortexM7
PD5.Signal=USART2_TX
PD6.GPIOParameters=PinAttribute
PD6.Mode=Asynchronous
PD6.PinAttribute=CortexM7
PD6.Signal=USART2_RX
PE11.GPIOParameters=GPIO_Speed,PinAttribute
PE11.GPIO_Speed=GPIO_SPEED_FREQ_HIGH
PE11.Locked=true
PE11.PinAttribute=CortexM7
PE11.Signal=S_TIM1_CH2
PF6.ContextOwner=CortexM7
PF6.GPIOParameters=GPIO_Speed,PinState,GPIO_PuPd,GPIO_Label,GPIO_ModeDefaultOutputPP,PinAttribute
PF6.GPIO_Label=SPI2_CN
PF6.GPIO_ModeDefaultOutputPP=GPIO_MODE_OUTPUT_PP
PF6.GPIO_PuPd=GPIO_PULLUP
PF6.GPIO_Speed=GPIO_SPEED_FREQ_HIGH
PF6.Locked=true
PF6.PinAttribute=CortexM7
PF6.PinState=GPIO_PIN_SET
PF6.Signal=GPIO_Output
PF8.ContextOwner=CortexM7
PF8.GPIOParameters=GPIO_PuPd,GPIO_Label,GPIO_ModeDefaultEXTI,PinAttribute
PF8.GPIO_Label=SPI2_IRQ
PF8.GPIO_ModeDefaultEXTI=GPIO_MODE_IT_FALLING
PF8.GPIO_PuPd=GPIO_PULLUP
PF8.Locked=true
PF8.PinAttribute=CortexM7
PF8.Signal=GPXTI8
PinOutPanel.RotationAngle=0
ProjectManager.AskForMigrate=true
ProjectManager.BackupPrevious=false
ProjectManager.BootMode=boot0
ProjectManager.CompilerOptimize=6
ProjectManager.ComputerToolchain=false
ProjectManager.CoupleFile=true
ProjectManager.CustomerFirmwarePackage=
ProjectManager.DefaultFWLocation=true
ProjectManager.DeletePrevious=true
ProjectManager.DeviceId=STM32H745ZITx
ProjectManager.FirmwarePackage=STM32Cube FW_H7 V1.11.2
ProjectManager.FreePins=false
ProjectManager.HalAssertFull=false
ProjectManager.HeapSize=M4-0x200,M7-0x200
ProjectManager.KeepUserCode=true
ProjectManager.LastFirmware=true
ProjectManager.LibraryCopy=1
ProjectManager.MainLocation=Core/Src
ProjectManager.NoMain=false
ProjectManager.PreviousToolchain=
ProjectManager.ProjectBuild=false
ProjectManager.ProjectFileName=SmartCar.ioc
ProjectManager.ProjectName=SmartCar
ProjectManager.ProjectStructure=M7\:CortexM7 Project\:true;M4\:CortexM4 Project\:true;
ProjectManager.RegisterCallBack=
ProjectManager.StackSize=M4-0x400,M7-0x400
ProjectManager.TargetToolchain=STM32CubeIDE
ProjectManager.ToolChainLocation=
ProjectManager.UAScriptAfterPath=
ProjectManager.UAScriptBeforePath=
ProjectManager.UnderRoot=true
ProjectManager.functionlistsort=1-SystemClock_Config-RCC-false-HAL-false-CortexM7,2-MX_GPIO_Init-GPIO-false-HAL-true-CortexM7,3-MX_TIM2_Init-TIM2-false-HAL-true-CortexM7,4-MX_TIM1_Init-TIM1-false-HAL-true-CortexM7,5-MX_TIM4_Init-TIM4-false-HAL-true-CortexM7,6-MX_ADC1_Init-ADC1-false-HAL-true-CortexM7,7-MX_TIM8_Init-TIM8-false-HAL-true-CortexM7,8-MX_TIM5_Init-TIM5-false-HAL-true-CortexM7,9-MX_LPUART1_UART_Init-LPUART1-false-HAL-true-CortexM7,10-MX_USART2_UART_Init-USART2-false-HAL-true-CortexM7,11-MX_SPI2_Init-SPI2-false-HAL-true-CortexM7,12-MX_UART4_Init-UART4-false-HAL-true-CortexM7,0-MX_CORTEX_M7_Init-CORTEX_M7-false-HAL-true-CortexM7,0-MX_CORTEX_M4_Init-CORTEX_M4-false-HAL-true-CortexM4
RCC.ADCCLockSelection=RCC_ADCCLKSOURCE_CLKP
RCC.ADCFreq_Value=64000000
RCC.AHB12Freq_Value=64000000
RCC.AHB4Freq_Value=64000000
RCC.APB1Freq_Value=64000000
RCC.APB2Freq_Value=64000000
RCC.APB3Freq_Value=64000000
RCC.APB4Freq_Value=64000000
RCC.AXIClockFreq_Value=64000000
RCC.CECFreq_Value=32000
RCC.CKPERFreq_Value=64000000
RCC.CPU2Freq_Value=64000000
RCC.CPU2SystikFreq_Value=64000000
RCC.CSICalibrationValue=32
RCC.CortexFreq_Value=64000000
RCC.CpuClockFreq_Value=64000000
RCC.D1CPREFreq_Value=64000000
RCC.DFSDMACLkFreq_Value=150000000
RCC.DFSDMFreq_Value=64000000
RCC.DIVM1=4
RCC.DIVM2=4
RCC.DIVN1=9
RCC.DIVN2=9
RCC.DIVP1Freq_Value=75000000
RCC.DIVP2=13
RCC.DIVP2Freq_Value=12000000
RCC.DIVP3Freq_Value=129000000
RCC.DIVQ1=1
RCC.DIVQ1Freq_Value=150000000
RCC.DIVQ2Freq_Value=78000000
RCC.DIVQ3Freq_Value=129000000
RCC.DIVR1Freq_Value=75000000
RCC.DIVR2Freq_Value=78000000
RCC.DIVR3Freq_Value=129000000
RCC.FDCANFreq_Value=150000000
RCC.FMCFreq_Value=64000000
RCC.FamilyName=M
RCC.HCLK3ClockFreq_Value=64000000
RCC.HCLKFreq_Value=64000000
RCC.HRTIMFreq_Value=64000000
RCC.HSE_VALUE=25000000
RCC.HSICalibrationValue=64
RCC.I2C123Freq_Value=64000000
RCC.I2C4Freq_Value=64000000
RCC.IPParameters=ADCCLockSelection,ADCFreq_Value,AHB12Freq_Value,AHB4Freq_Value,APB1Freq_Value,APB2Freq_Value,APB3Freq_Value,APB4Freq_Value,AXIClockFreq_Value,CECFreq_Value,CKPERFreq_Value,CPU2Freq_Value,CPU2SystikFreq_Value,CSICalibrationValue,CortexFreq_Value,CpuClockFreq_Value,D1CPREFreq_Value,DFSDMACLkFreq_Value,DFSDMFreq_Value,DIVM1,DIVM2,DIVN1,DIVN2,DIVP1Freq_Value,DIVP2,DIVP2Freq_Value,DIVP3Freq_Value,DIVQ1,DIVQ1Freq_Value,DIVQ2Freq_Value,DIVQ3Freq_Value,DIVR1Freq_Value,DIVR2Freq_Value,DIVR3Freq_Value,FDCANFreq_Value,FMCFreq_Value,FamilyName,HCLK3ClockFreq_Value,HCLKFreq_Value,HRTIMFreq_Value,HSE_VALUE,HSICalibrationValue,I2C123Freq_Value,I2C4Freq_Value,LPTIM1Freq_Value,LPTIM2Freq_Value,LPTIM345Freq_Value,LPUART1Freq_Value,LTDCFreq_Value,MCO1PinFreq_Value,MCO2PinFreq_Value,PLL2FRACN,PLL3FRACN,PLL3_VCI_Range-AdvancedSettings,PLLFRACN,PWR_Regulator_Voltage_Scale,QSPIFreq_Value,RNGFreq_Value,RTCFreq_Value,SAI1Freq_Value,SAI23Freq_Value,SAI4AFreq_Value,SAI4BFreq_Value,SDMMCFreq_Value,SPDIFRXFreq_Value,SPI123Freq_Value,SPI45Freq_Value,SPI6Freq_Value,SWPMI1Freq_Value,SYSCLKFreq_VALUE,Tim1OutputFreq_Value,Tim2OutputFreq_Value,TraceFreq_Value,USART16Freq_Value,USART234578Freq_Value,USBFreq_Value,VCO1OutputFreq_Value,VCO2OutputFreq_Value,VCO3OutputFreq_Value,VCOInput1Freq_Value,VCOInput2Freq_Value,VCOInput3Freq_Value
RCC.LPTIM1Freq_Value=64000000
RCC.LPTIM2Freq_Value=64000000
RCC.LPTIM345Freq_Value=64000000
RCC.LPUART1Freq_Value=64000000
RCC.LTDCFreq_Value=129000000
RCC.MCO1PinFreq_Value=64000000
RCC.MCO2PinFreq_Value=64000000
RCC.PLL2FRACN=6144
RCC.PLL3FRACN=0
RCC.PLL3_VCI_Range-AdvancedSettings=RCC_PLL3VCIRANGE_0
RCC.PLLFRACN=3072
RCC.PWR_Regulator_Voltage_Scale=PWR_REGULATOR_VOLTAGE_SCALE1
RCC.QSPIFreq_Value=64000000
RCC.RNGFreq_Value=48000000
RCC.RTCFreq_Value=32000
RCC.SAI1Freq_Value=150000000
RCC.SAI23Freq_Value=150000000
RCC.SAI4AFreq_Value=150000000
RCC.SAI4BFreq_Value=150000000
RCC.SDMMCFreq_Value=150000000
RCC.SPDIFRXFreq_Value=150000000
RCC.SPI123Freq_Value=150000000
RCC.SPI45Freq_Value=64000000
RCC.SPI6Freq_Value=64000000
RCC.SWPMI1Freq_Value=64000000
RCC.SYSCLKFreq_VALUE=64000000
RCC.Tim1OutputFreq_Value=64000000
RCC.Tim2OutputFreq_Value=64000000
RCC.TraceFreq_Value=64000000
RCC.USART16Freq_Value=64000000
RCC.USART234578Freq_Value=64000000
RCC.USBFreq_Value=150000000
RCC.VCO1OutputFreq_Value=150000000
RCC.VCO2OutputFreq_Value=156000000
RCC.VCO3OutputFreq_Value=258000000
RCC.VCOInput1Freq_Value=16000000
RCC.VCOInput2Freq_Value=16000000
RCC.VCOInput3Freq_Value=2000000
SH.ADCx_INP3.0=ADC1_INP3,IN3-Single-Ended
SH.ADCx_INP3.ConfNb=1
SH.GPXTI8.0=GPIO_EXTI8
SH.GPXTI8.ConfNb=1
SH.S_TIM1_CH1.0=TIM1_CH1,Encoder_Interface
SH.S_TIM1_CH1.ConfNb=1
SH.S_TIM1_CH2.0=TIM1_CH2,Encoder_Interface
SH.S_TIM1_CH2.ConfNb=1
SH.S_TIM2_CH1_ETR.0=TIM2_CH1,PWM Generation1 CH1
SH.S_TIM2_CH1_ETR.ConfNb=1
SH.S_TIM2_CH3.0=TIM2_CH3,PWM Generation3 CH3
SH.S_TIM2_CH3.ConfNb=1
SH.S_TIM4_CH2.0=TIM4_CH2,PWM Generation2 CH2
SH.S_TIM4_CH2.ConfNb=1
SH.S_TIM8_CH1.0=TIM8_CH1,Encoder_Interface
SH.S_TIM8_CH1.ConfNb=1
SH.S_TIM8_CH2.0=TIM8_CH2,Encoder_Interface
SH.S_TIM8_CH2.ConfNb=1
SPI2.BaudRatePrescaler=SPI_BAUDRATEPRESCALER_8
SPI2.CRCCalculation=SPI_CRCCALCULATION_ENABLE
SPI2.CalculateBaudRate=18.75 MBits/s
SPI2.DataSize=SPI_DATASIZE_8BIT
SPI2.Direction=SPI_DIRECTION_2LINES
SPI2.IPParameters=VirtualType,Mode,Direction,BaudRatePrescaler,CalculateBaudRate,DataSize,CRCCalculation
SPI2.Mode=SPI_MODE_MASTER
SPI2.VirtualType=VM_MASTER
SYS.userName=SYS_M7
TIM1.ClockDivision=TIM_CLOCKDIVISION_DIV1
TIM1.EncoderMode=TIM_ENCODERMODE_TI12
TIM1.IC1Filter=15
TIM1.IC2Filter=15
TIM1.IPParameters=EncoderMode,IC1Filter,IC2Filter,ClockDivision
TIM2.AutoReloadPreload=TIM_AUTORELOAD_PRELOAD_ENABLE
TIM2.Channel-PWM\ Generation1\ CH1=TIM_CHANNEL_1
TIM2.Channel-PWM\ Generation3\ CH3=TIM_CHANNEL_3
TIM2.IPParameters=Period,Prescaler,Channel-PWM Generation1 CH1,Channel-PWM Generation3 CH3,AutoReloadPreload,Pulse-PWM Generation1 CH1,Pulse-PWM Generation3 CH3,OC1Preload_PWM,OC3Preload_PWM
TIM2.OC1Preload_PWM=DISABLE
TIM2.OC3Preload_PWM=DISABLE
TIM2.Period=10000-1
TIM2.Prescaler=64-1
TIM2.Pulse-PWM\ Generation1\ CH1=750
TIM2.Pulse-PWM\ Generation3\ CH3=750
TIM4.Channel-PWM\ Generation2\ CH2=TIM_CHANNEL_2
TIM4.IPParameters=Channel-PWM Generation2 CH2,Prescaler,Period,Pulse-PWM Generation2 CH2
TIM4.Period=10000-1
TIM4.Prescaler=128-1
TIM4.Pulse-PWM\ Generation2\ CH2=750
TIM5.IPParameters=Prescaler,Period
TIM5.Period=500-1
TIM5.Prescaler=128-1
TIM8.EncoderMode=TIM_ENCODERMODE_TI12
TIM8.IC1Filter=15
TIM8.IC2Filter=15
TIM8.IPParameters=EncoderMode,IC2Filter,IC1Filter
USART2.BaudRate=9600
USART2.IPParameters=VirtualMode-Asynchronous,BaudRate
USART2.VirtualMode-Asynchronous=VM_ASYNC
VP_SYS_M4_VS_Systick.Mode=SysTick
VP_SYS_M4_VS_Systick.Signal=SYS_M4_VS_Systick
VP_SYS_VS_Systick.Mode=SysTick
VP_SYS_VS_Systick.Signal=SYS_VS_Systick
VP_TIM2_VS_ClockSourceINT.Mode=Internal
VP_TIM2_VS_ClockSourceINT.Signal=TIM2_VS_ClockSourceINT
VP_TIM4_VS_ClockSourceINT.Mode=Internal
VP_TIM4_VS_ClockSourceINT.Signal=TIM4_VS_ClockSourceINT
VP_TIM5_VS_ClockSourceINT.Mode=Internal
VP_TIM5_VS_ClockSourceINT.Signal=TIM5_VS_ClockSourceINT
board=custom
isbadioc=false
